
Microsoft Visual Studio Solution File, Format Version 12.00
# Visual Studio Version 17
VisualStudioVersion = 17.1.32421.90
MinimumVisualStudioVersion = 10.0.40219.1
Project("{FAE04EC0-301F-11D3-BF4B-00C04F79EFBC}") = "HMS", "HMS\HMS.csproj", "{281B898A-6507-48F0-80FC-4444F7174B65}"
EndProject
Global
	GlobalSection(SolutionConfigurationPlatforms) = preSolution
		Debug|Any CPU = Debug|Any CPU
		Release|Any CPU = Release|Any CPU
	EndGlobalSection
	GlobalSection(ProjectConfigurationPlatforms) = postSolution
		{281B898A-6507-48F0-80FC-4444F7174B65}.Debug|Any CPU.ActiveCfg = Debug|Any CPU
		{281B898A-6507-48F0-80FC-4444F7174B65}.Debug|Any CPU.Build.0 = Debug|Any CPU
		{281B898A-6507-48F0-80FC-4444F7174B65}.Release|Any CPU.ActiveCfg = Release|Any CPU
		{281B898A-6507-48F0-80FC-4444F7174B65}.Release|Any CPU.Build.0 = Release|Any CPU
	EndGlobalSection
	GlobalSection(SolutionProperties) = preSolution
		HideSolutionNode = FALSE
	EndGlobalSection
	GlobalSection(ExtensibilityGlobals) = postSolution
		SolutionGuid = {DD4191BA-9890-4B7B-B2F7-369E0C96B42D}
	EndGlobalSection
EndGlobal
